
Microsoft Visual Studio Solution File, Format Version 12.00
# Visual Studio 14
VisualStudioVersion = 14.0.25420.1
MinimumVisualStudioVersion = 10.0.40219.1
Project("{FAE04EC0-301F-11D3-BF4B-00C04F79EFBC}") = "MPA3", "MPA3\MPA3.csproj", "{DFF8FD20-CCAC-4370-A0C1-8D26ED7E609F}"
EndProject
Project("{FAE04EC0-301F-11D3-BF4B-00C04F79EFBC}") = "ETaxScanner", "ETaxScanner\ETaxScanner.csproj", "{143C0222-72DF-4BE1-AA6A-089A2F744853}"
EndProject
Global
	GlobalSection(SolutionConfigurationPlatforms) = preSolution
		Debug|Any CPU = Debug|Any CPU
		Release|Any CPU = Release|Any CPU
	EndGlobalSection
	GlobalSection(ProjectConfigurationPlatforms) = postSolution
		{DFF8FD20-CCAC-4370-A0C1-8D26ED7E609F}.Debug|Any CPU.ActiveCfg = Debug|Any CPU
		{DFF8FD20-CCAC-4370-A0C1-8D26ED7E609F}.Debug|Any CPU.Build.0 = Debug|Any CPU
		{DFF8FD20-CCAC-4370-A0C1-8D26ED7E609F}.Release|Any CPU.ActiveCfg = Release|Any CPU
		{DFF8FD20-CCAC-4370-A0C1-8D26ED7E609F}.Release|Any CPU.Build.0 = Release|Any CPU
		{143C0222-72DF-4BE1-AA6A-089A2F744853}.Debug|Any CPU.ActiveCfg = Debug|Any CPU
		{143C0222-72DF-4BE1-AA6A-089A2F744853}.Debug|Any CPU.Build.0 = Debug|Any CPU
		{143C0222-72DF-4BE1-AA6A-089A2F744853}.Release|Any CPU.ActiveCfg = Release|Any CPU
		{143C0222-72DF-4BE1-AA6A-089A2F744853}.Release|Any CPU.Build.0 = Release|Any CPU
	EndGlobalSection
	GlobalSection(SolutionProperties) = preSolution
		HideSolutionNode = FALSE
	EndGlobalSection
EndGlobal
